
Microsoft Visual Studio Solution File, Format Version 12.00
# Visual Studio 15
VisualStudioVersion = 15.0.26124.0
MinimumVisualStudioVersion = 15.0.26124.0
Project("{F2A71F9B-5D33-465A-A702-920D77279786}") = "tutorial1", "tutorial1\tutorial1.fsproj", "{2B08EAD4-32E8-436E-B736-921EB1E4BE98}"
EndProject
Project("{F2A71F9B-5D33-465A-A702-920D77279786}") = "tutorial2", "tutorial2\tutorial2.fsproj", "{6A53EB7C-5D19-4A18-87FD-45C05044E48B}"
EndProject
Global
	GlobalSection(SolutionConfigurationPlatforms) = preSolution
		Debug|Any CPU = Debug|Any CPU
		Debug|x64 = Debug|x64
		Debug|x86 = Debug|x86
		Release|Any CPU = Release|Any CPU
		Release|x64 = Release|x64
		Release|x86 = Release|x86
	EndGlobalSection
	GlobalSection(SolutionProperties) = preSolution
		HideSolutionNode = FALSE
	EndGlobalSection
	GlobalSection(ProjectConfigurationPlatforms) = postSolution
		{2B08EAD4-32E8-436E-B736-921EB1E4BE98}.Debug|Any CPU.ActiveCfg = Debug|Any CPU
		{2B08EAD4-32E8-436E-B736-921EB1E4BE98}.Debug|Any CPU.Build.0 = Debug|Any CPU
		{2B08EAD4-32E8-436E-B736-921EB1E4BE98}.Debug|x64.ActiveCfg = Debug|Any CPU
		{2B08EAD4-32E8-436E-B736-921EB1E4BE98}.Debug|x64.Build.0 = Debug|Any CPU
		{2B08EAD4-32E8-436E-B736-921EB1E4BE98}.Debug|x86.ActiveCfg = Debug|Any CPU
		{2B08EAD4-32E8-436E-B736-921EB1E4BE98}.Debug|x86.Build.0 = Debug|Any CPU
		{2B08EAD4-32E8-436E-B736-921EB1E4BE98}.Release|Any CPU.ActiveCfg = Release|Any CPU
		{2B08EAD4-32E8-436E-B736-921EB1E4BE98}.Release|Any CPU.Build.0 = Release|Any CPU
		{2B08EAD4-32E8-436E-B736-921EB1E4BE98}.Release|x64.ActiveCfg = Release|Any CPU
		{2B08EAD4-32E8-436E-B736-921EB1E4BE98}.Release|x64.Build.0 = Release|Any CPU
		{2B08EAD4-32E8-436E-B736-921EB1E4BE98}.Release|x86.ActiveCfg = Release|Any CPU
		{2B08EAD4-32E8-436E-B736-921EB1E4BE98}.Release|x86.Build.0 = Release|Any CPU
		{6A53EB7C-5D19-4A18-87FD-45C05044E48B}.Debug|Any CPU.ActiveCfg = Debug|Any CPU
		{6A53EB7C-5D19-4A18-87FD-45C05044E48B}.Debug|Any CPU.Build.0 = Debug|Any CPU
		{6A53EB7C-5D19-4A18-87FD-45C05044E48B}.Debug|x64.ActiveCfg = Debug|Any CPU
		{6A53EB7C-5D19-4A18-87FD-45C05044E48B}.Debug|x64.Build.0 = Debug|Any CPU
		{6A53EB7C-5D19-4A18-87FD-45C05044E48B}.Debug|x86.ActiveCfg = Debug|Any CPU
		{6A53EB7C-5D19-4A18-87FD-45C05044E48B}.Debug|x86.Build.0 = Debug|Any CPU
		{6A53EB7C-5D19-4A18-87FD-45C05044E48B}.Release|Any CPU.ActiveCfg = Release|Any CPU
		{6A53EB7C-5D19-4A18-87FD-45C05044E48B}.Release|Any CPU.Build.0 = Release|Any CPU
		{6A53EB7C-5D19-4A18-87FD-45C05044E48B}.Release|x64.ActiveCfg = Release|Any CPU
		{6A53EB7C-5D19-4A18-87FD-45C05044E48B}.Release|x64.Build.0 = Release|Any CPU
		{6A53EB7C-5D19-4A18-87FD-45C05044E48B}.Release|x86.ActiveCfg = Release|Any CPU
		{6A53EB7C-5D19-4A18-87FD-45C05044E48B}.Release|x86.Build.0 = Release|Any CPU
	EndGlobalSection
EndGlobal
